
Microsoft Visual Studio Solution File, Format Version 12.00
# Visual Studio Version 16
VisualStudioVersion = 16.0.29519.87
MinimumVisualStudioVersion = 10.0.40219.1
Project("{8BC9CEB8-8B4A-11D0-8D11-00A0C91BC942}") = "First_project_1.0", "First_project_1.0\First_project_1.0.vcxproj", "{662D650D-C498-4D0E-9EE5-3CADE94C84F9}"
EndProject
Global
	GlobalSection(SolutionConfigurationPlatforms) = preSolution
		Debug|x64 = Debug|x64
		Debug|x86 = Debug|x86
		Release|x64 = Release|x64
		Release|x86 = Release|x86
	EndGlobalSection
	GlobalSection(ProjectConfigurationPlatforms) = postSolution
		{662D650D-C498-4D0E-9EE5-3CADE94C84F9}.Debug|x64.ActiveCfg = Debug|x64
		{662D650D-C498-4D0E-9EE5-3CADE94C84F9}.Debug|x64.Build.0 = Debug|x64
		{662D650D-C498-4D0E-9EE5-3CADE94C84F9}.Debug|x86.ActiveCfg = Debug|Win32
		{662D650D-C498-4D0E-9EE5-3CADE94C84F9}.Debug|x86.Build.0 = Debug|Win32
		{662D650D-C498-4D0E-9EE5-3CADE94C84F9}.Release|x64.ActiveCfg = Release|x64
		{662D650D-C498-4D0E-9EE5-3CADE94C84F9}.Release|x64.Build.0 = Release|x64
		{662D650D-C498-4D0E-9EE5-3CADE94C84F9}.Release|x86.ActiveCfg = Release|Win32
		{662D650D-C498-4D0E-9EE5-3CADE94C84F9}.Release|x86.Build.0 = Release|Win32
	EndGlobalSection
	GlobalSection(SolutionProperties) = preSolution
		HideSolutionNode = FALSE
	EndGlobalSection
	GlobalSection(ExtensibilityGlobals) = postSolution
		SolutionGuid = {5D5E9B77-64E6-4514-A74D-A7B442015D99}
	EndGlobalSection
EndGlobal
